
Microsoft Visual Studio Solution File, Format Version 12.00
# Visual Studio 15
VisualStudioVersion = 15.0.28307.1321
MinimumVisualStudioVersion = 10.0.40219.1
Project("{FAE04EC0-301F-11D3-BF4B-00C04F79EFBC}") = "RevitElementBipChecker", "RevitElementBipChecker.csproj", "{BA7F5127-5343-4EF3-8A81-0497391AEE46}"
EndProject
Global
	GlobalSection(SolutionConfigurationPlatforms) = preSolution
		Debug|Any CPU = Debug|Any CPU
		Release|Any CPU = Release|Any CPU
	EndGlobalSection
	GlobalSection(ProjectConfigurationPlatforms) = postSolution
		{BA7F5127-5343-4EF3-8A81-0497391AEE46}.Debug|Any CPU.ActiveCfg = Debug|Any CPU
		{BA7F5127-5343-4EF3-8A81-0497391AEE46}.Debug|Any CPU.Build.0 = Debug|Any CPU
		{BA7F5127-5343-4EF3-8A81-0497391AEE46}.Release|Any CPU.ActiveCfg = Release|Any CPU
		{BA7F5127-5343-4EF3-8A81-0497391AEE46}.Release|Any CPU.Build.0 = Release|Any CPU
	EndGlobalSection
	GlobalSection(SolutionProperties) = preSolution
		HideSolutionNode = FALSE
	EndGlobalSection
	GlobalSection(ExtensibilityGlobals) = postSolution
		SolutionGuid = {CCB0C1D3-4D9F-420B-9F51-404B2ACA81C4}
	EndGlobalSection
EndGlobal
